{
  "object": {
    "pins": [
      {
        "package": "Applozic",
        "repositoryURL": "https://github.com/AppLozic/Applozic-Chat-iOS-Framework.git",
        "state": {
          "branch": null,
          "revision": "b45a75be0ae56acf00441f755dd0d8bb0f8d41a6",
          "version": "8.3.0"
        }
      },
      {
        "package": "Kingfisher",
        "repositoryURL": "https://github.com/onevcat/Kingfisher.git",
        "state": {
          "branch": null,
          "revision": "44450a8f564d7c0165f736ba2250649ff8d3e556",
          "version": "6.3.0"
        }
      },
      {
        "package": "SwipeCellKit",
        "repositoryURL": "https://github.com/SwipeCellKit/SwipeCellKit.git",
        "state": {
          "branch": null,
          "revision": "7219cad3098637176ace311510d11467dbfb9bb0",
          "version": "2.7.1"
        }
      }
    ]
  },
  "version": 1
}
