PODS:
  - ApplozicCore (8.1.0)
  - ApplozicSwift (6.1.0):
    - ApplozicSwift/Complete (= 6.1.0)
  - ApplozicSwift/Complete (6.1.0):
    - ApplozicCore (~> 8.1.0)
    - ApplozicSwift/RichMessageKit
    - Giphy (~> 2.1.8)
    - Kingfisher (~> 6.3.0)
    - SwipeCellKit (~> 2.7.1)
  - ApplozicSwift/RichMessageKit (6.1.0)
  - Giphy (2.1.8):
    - libwebp
  - iOSSnapshotTestCase (6.2.0):
    - iOSSnapshotTestCase/SwiftSupport (= 6.2.0)
  - iOSSnapshotTestCase/Core (6.2.0)
  - iOSSnapshotTestCase/SwiftSupport (6.2.0):
    - iOSSnapshotTestCase/Core
  - Kingfisher (6.3.0)
  - libwebp (1.2.0):
    - libwebp/demux (= 1.2.0)
    - libwebp/mux (= 1.2.0)
    - libwebp/webp (= 1.2.0)
  - libwebp/demux (1.2.0):
    - libwebp/webp
  - libwebp/mux (1.2.0):
    - libwebp/demux
  - libwebp/webp (1.2.0)
  - Nimble (9.2.0)
  - Nimble-Snapshots (9.1.0):
    - Nimble-Snapshots/Core (= 9.1.0)
  - Nimble-Snapshots/Core (9.1.0):
    - iOSSnapshotTestCase (~> 6.0)
    - Nimble
  - Quick (4.0.0)
  - SwiftFormat/CLI (0.48.2)
  - SwiftLint (0.43.1)
  - SwipeCellKit (2.7.1)

DEPENDENCIES:
  - ApplozicSwift (from `../ApplozicSwift.podspec`)
  - Nimble
  - Nimble-Snapshots
  - Quick
  - SwiftFormat/CLI
  - SwiftLint

SPEC REPOS:
  https://github.com/CocoaPods/Specs.git:
    - ApplozicCore
    - Giphy
    - iOSSnapshotTestCase
    - Kingfisher
    - libwebp
    - Nimble
    - Nimble-Snapshots
    - Quick
    - SwiftFormat
    - SwiftLint
    - SwipeCellKit

EXTERNAL SOURCES:
  ApplozicSwift:
    :path: "../ApplozicSwift.podspec"

SPEC CHECKSUMS:
  ApplozicCore: db1ccbf9e98788a7a32550486831b13019f29dad
  ApplozicSwift: 64efa4fb810e573245456b68fc9b8042151f957e
  Giphy: ef5125f9b47c259b59244803a6ffe763f4f4a7bf
  iOSSnapshotTestCase: 9ab44cb5aa62b84d31847f40680112e15ec579a6
  Kingfisher: 6c3df386db71d82c0817a429d2c9421a77396529
  libwebp: e90b9c01d99205d03b6bb8f2c8c415e5a4ef66f0
  Nimble: 4f4a345c80b503b3ea13606a4f98405974ee4d0b
  Nimble-Snapshots: 6605431525245f967ca9d558bb12a49da3d040e3
  Quick: 6473349e43b9271a8d43839d9ba1c442ed1b7ac4
  SwiftFormat: 480a8c281371d0ae142b2b877ef542462c01c39f
  SwiftLint: 99f82d07b837b942dd563c668de129a03fc3fb52
  SwipeCellKit: 3972254a826da74609926daf59b08d6c72e619ea

PODFILE CHECKSUM: 7cd8036cac3115d76f0c61b841fb9b9686f4a5f5

COCOAPODS: 1.9.3
