PODS:
  - Applozic (5.11.0):
    - SDWebImage (~> 4.4)
  - ApplozicSwift (0.14.0):
    - Applozic (~> 5.11.0)
    - Kingfisher (~> 4.7.0)
    - MGSwipeTableCell (~> 1.5.6)
  - Kingfisher (4.7.0)
  - MGSwipeTableCell (1.5.6)
  - SDWebImage (4.4.2):
    - SDWebImage/Core (= 4.4.2)
  - SDWebImage/Core (4.4.2)

DEPENDENCIES:
  - ApplozicSwift (from `../ApplozicSwift.podspec`)

EXTERNAL SOURCES:
  ApplozicSwift:
    :path: ../ApplozicSwift.podspec

SPEC CHECKSUMS:
  Applozic: 18de962044a95dcf81255f31802f463abe698297
  ApplozicSwift: 606874f9eb40db1cc7bb81cc8d98a3dd8137db82
  Kingfisher: da6b005aa96d37698e3e4f1ccfe96a5b9bbf27d6
  MGSwipeTableCell: 616700eb0ffd1c611ba909066cb7fd739790a0a7
  SDWebImage: 624d6e296c69b244bcede364c72ae0430ac14681

PODFILE CHECKSUM: c518db42782b099d7771a3a88d3753ebe72ee321

COCOAPODS: 1.4.0
